# This file is autogenerated, do not edit; changes may be undone by the next 'dep ensure'.


[[projects]]
  branch = "master"
  digest = "1:6f9339c912bbdda81302633ad7e99a28dfa5a639c864061f1929510a9a64aa74"
  name = "github.com/dustin/go-humanize"
  packages = ["."]
  pruneopts = "UT"
  revision = "9f541cc9db5d55bce703bd99987c9d5cb8eea45e"

[[projects]]
  digest = "1:5f521b6ae9f046b9032ed8db18e4656e256d711b40b6d2f68f15bfe1349cb6b5"
  name = "github.com/wayneashleyberry/truecolor"
  packages = ["pkg/color"]
  pruneopts = "UT"
  revision = "53e539ab840863effcfebdd30ebb336836db320e"
  version = "v1.0.0"

[solve-meta]
  analyzer-name = "dep"
  analyzer-version = 1
  input-imports = [
    "github.com/dustin/go-humanize",
    "github.com/wayneashleyberry/truecolor/pkg/color",
  ]
  solver-name = "gps-cdcl"
  solver-version = 1
